
Microsoft Visual Studio Solution File, Format Version 12.00
# Visual Studio Version 17
VisualStudioVersion = 17.8.34330.188
MinimumVisualStudioVersion = 10.0.40219.1
Project("{FAE04EC0-301F-11D3-BF4B-00C04F79EFBC}") = "JANCAssignment2", "JANCAssignment2\JANCAssignment2.csproj", "{D8173CE0-9493-4AC8-BD91-A6CA0BF057E9}"
EndProject
Global
	GlobalSection(SolutionConfigurationPlatforms) = preSolution
		Debug|Any CPU = Debug|Any CPU
		Release|Any CPU = Release|Any CPU
	EndGlobalSection
	GlobalSection(ProjectConfigurationPlatforms) = postSolution
		{D8173CE0-9493-4AC8-BD91-A6CA0BF057E9}.Debug|Any CPU.ActiveCfg = Debug|Any CPU
		{D8173CE0-9493-4AC8-BD91-A6CA0BF057E9}.Debug|Any CPU.Build.0 = Debug|Any CPU
		{D8173CE0-9493-4AC8-BD91-A6CA0BF057E9}.Release|Any CPU.ActiveCfg = Release|Any CPU
		{D8173CE0-9493-4AC8-BD91-A6CA0BF057E9}.Release|Any CPU.Build.0 = Release|Any CPU
	EndGlobalSection
	GlobalSection(SolutionProperties) = preSolution
		HideSolutionNode = FALSE
	EndGlobalSection
	GlobalSection(ExtensibilityGlobals) = postSolution
		SolutionGuid = {5720D4EC-5018-4379-8C4B-3F96247E9C9B}
	EndGlobalSection
EndGlobal
